
Microsoft Visual Studio Solution File, Format Version 12.00
# Visual Studio Version 17
VisualStudioVersion = 17.4.33110.190
MinimumVisualStudioVersion = 10.0.40219.1
Project("{FAE04EC0-301F-11D3-BF4B-00C04F79EFBC}") = "pnphuc2050531200254", "pnphuc2050531200254\pnphuc2050531200254.csproj", "{862C9E67-785E-4B83-A317-BAAFC6C579C9}"
EndProject
Global
	GlobalSection(SolutionConfigurationPlatforms) = preSolution
		Debug|Any CPU = Debug|Any CPU
		Release|Any CPU = Release|Any CPU
	EndGlobalSection
	GlobalSection(ProjectConfigurationPlatforms) = postSolution
		{862C9E67-785E-4B83-A317-BAAFC6C579C9}.Debug|Any CPU.ActiveCfg = Debug|Any CPU
		{862C9E67-785E-4B83-A317-BAAFC6C579C9}.Debug|Any CPU.Build.0 = Debug|Any CPU
		{862C9E67-785E-4B83-A317-BAAFC6C579C9}.Release|Any CPU.ActiveCfg = Release|Any CPU
		{862C9E67-785E-4B83-A317-BAAFC6C579C9}.Release|Any CPU.Build.0 = Release|Any CPU
	EndGlobalSection
	GlobalSection(SolutionProperties) = preSolution
		HideSolutionNode = FALSE
	EndGlobalSection
	GlobalSection(ExtensibilityGlobals) = postSolution
		SolutionGuid = {B40690B8-8702-410B-AA59-635EC2DFBAFA}
	EndGlobalSection
EndGlobal
